<?xml version="1.0" encoding="utf-8"?>
<Project ToolsVersion="4.0" xmlns="http://schemas.microsoft.com/developer/msbuild/2003">
  <ItemGroup>
    <Filter Include="Generated Files">
      <UniqueIdentifier>{71ED8ED8-ACB9-4CE9-BBE1-E00B30144E11}</UniqueIdentifier>
      <Extensions>cpp;c;cxx;moc;h;def;odl;idl;res;</Extensions>
    </Filter>
    <Filter Include="Generated Files">
      <UniqueIdentifier>{71ED8ED8-ACB9-4CE9-BBE1-E00B30144E11}</UniqueIdentifier>
      <Extensions>cpp;c;cxx;moc;h;def;odl;idl;res;</Extensions>
    </Filter>
    <Filter Include="Header Files">
      <UniqueIdentifier>{93995380-89BD-4b04-88EB-625FBE52EBFB}</UniqueIdentifier>
      <Extensions>h;hpp;hxx;hm;inl;inc;xsd</Extensions>
    </Filter>
    <Filter Include="Header Files">
      <UniqueIdentifier>{93995380-89BD-4b04-88EB-625FBE52EBFB}</UniqueIdentifier>
      <Extensions>h;hpp;hxx;hm;inl;inc;xsd</Extensions>
    </Filter>
    <Filter Include="Source Files">
      <UniqueIdentifier>{4FC737F1-C7A5-4376-A066-2A32D752A2FF}</UniqueIdentifier>
      <Extensions>cpp;c;cxx;def;odl;idl;hpj;bat;asm;asmx</Extensions>
    </Filter>
    <Filter Include="Source Files">
      <UniqueIdentifier>{4FC737F1-C7A5-4376-A066-2A32D752A2FF}</UniqueIdentifier>
      <Extensions>cpp;c;cxx;def;odl;idl;hpj;bat;asm;asmx</Extensions>
    </Filter>
    <Filter Include="Generated Files\Release">
      <UniqueIdentifier>{89e0dcb3-5ae8-42d8-9522-3b42184da75a}</UniqueIdentifier>
      <Extensions>cpp;moc</Extensions>
      <SourceControlFiles>False</SourceControlFiles>
    </Filter>
    <Filter Include="Generated Files\Debug">
      <UniqueIdentifier>{b033cfed-1657-400d-b876-309e8512b36f}</UniqueIdentifier>
      <Extensions>cpp;moc</Extensions>
      <SourceControlFiles>False</SourceControlFiles>
    </Filter>
  </ItemGroup>
  <ItemGroup>
    <ClCompile Include="oauth.cpp">
      <Filter>Source Files</Filter>
    </ClCompile>
    <ClCompile Include="oauthtwitter.cpp">
      <Filter>Source Files</Filter>
    </ClCompile>
    <ClCompile Include="json\qjson.cpp">
      <Filter>Source Files</Filter>
    </ClCompile>
    <ClCompile Include="json\qjsonarray.cpp">
      <Filter>Source Files</Filter>
    </ClCompile>
    <ClCompile Include="json\qjsondocument.cpp">
      <Filter>Source Files</Filter>
    </ClCompile>
    <ClCompile Include="json\qjsonobject.cpp">
      <Filter>Source Files</Filter>
    </ClCompile>
    <ClCompile Include="json\qjsonparser.cpp">
      <Filter>Source Files</Filter>
    </ClCompile>
    <ClCompile Include="json\qjsonvalue.cpp">
      <Filter>Source Files</Filter>
    </ClCompile>
    <ClCompile Include="json\qjsonwriter.cpp">
      <Filter>Source Files</Filter>
    </ClCompile>
    <ClCompile Include="qtweetaccountratelimitstatus.cpp">
      <Filter>Source Files</Filter>
    </ClCompile>
    <ClCompile Include="qtweetaccountverifycredentials.cpp">
      <Filter>Source Files</Filter>
    </ClCompile>
    <ClCompile Include="qtweetblocksblocking.cpp">
      <Filter>Source Files</Filter>
    </ClCompile>
    <ClCompile Include="qtweetblocksblockingids.cpp">
      <Filter>Source Files</Filter>
    </ClCompile>
    <ClCompile Include="qtweetblockscreate.cpp">
      <Filter>Source Files</Filter>
    </ClCompile>
    <ClCompile Include="qtweetblocksdestroy.cpp">
      <Filter>Source Files</Filter>
    </ClCompile>
    <ClCompile Include="qtweetblocksexists.cpp">
      <Filter>Source Files</Filter>
    </ClCompile>
    <ClCompile Include="qtweetconfiguration.cpp">
      <Filter>Source Files</Filter>
    </ClCompile>
    <ClCompile Include="qtweetconvert.cpp">
      <Filter>Source Files</Filter>
    </ClCompile>
    <ClCompile Include="qtweetdirectmessagedestroy.cpp">
      <Filter>Source Files</Filter>
    </ClCompile>
    <ClCompile Include="qtweetdirectmessagenew.cpp">
      <Filter>Source Files</Filter>
    </ClCompile>
    <ClCompile Include="qtweetdirectmessages.cpp">
      <Filter>Source Files</Filter>
    </ClCompile>
    <ClCompile Include="qtweetdirectmessagessent.cpp">
      <Filter>Source Files</Filter>
    </ClCompile>
    <ClCompile Include="qtweetdirectmessagesshow.cpp">
      <Filter>Source Files</Filter>
    </ClCompile>
    <ClCompile Include="qtweetdmstatus.cpp">
      <Filter>Source Files</Filter>
    </ClCompile>
    <ClCompile Include="qtweetentityhashtag.cpp">
      <Filter>Source Files</Filter>
    </ClCompile>
    <ClCompile Include="qtweetentitymedia.cpp">
      <Filter>Source Files</Filter>
    </ClCompile>
    <ClCompile Include="qtweetentityurl.cpp">
      <Filter>Source Files</Filter>
    </ClCompile>
    <ClCompile Include="qtweetentityusermentions.cpp">
      <Filter>Source Files</Filter>
    </ClCompile>
    <ClCompile Include="qtweetfavorites.cpp">
      <Filter>Source Files</Filter>
    </ClCompile>
    <ClCompile Include="qtweetfavoritescreate.cpp">
      <Filter>Source Files</Filter>
    </ClCompile>
    <ClCompile Include="qtweetfavoritesdestroy.cpp">
      <Filter>Source Files</Filter>
    </ClCompile>
    <ClCompile Include="qtweetfollowersid.cpp">
      <Filter>Source Files</Filter>
    </ClCompile>
    <ClCompile Include="qtweetfriendshipcreate.cpp">
      <Filter>Source Files</Filter>
    </ClCompile>
    <ClCompile Include="qtweetfriendshipdestroy.cpp">
      <Filter>Source Files</Filter>
    </ClCompile>
    <ClCompile Include="qtweetfriendsid.cpp">
      <Filter>Source Files</Filter>
    </ClCompile>
    <ClCompile Include="qtweetgeoboundingbox.cpp">
      <Filter>Source Files</Filter>
    </ClCompile>
    <ClCompile Include="qtweetgeocoord.cpp">
      <Filter>Source Files</Filter>
    </ClCompile>
    <ClCompile Include="qtweetgeoplacecreate.cpp">
      <Filter>Source Files</Filter>
    </ClCompile>
    <ClCompile Include="qtweetgeoplaceid.cpp">
      <Filter>Source Files</Filter>
    </ClCompile>
    <ClCompile Include="qtweetgeoreversegeocode.cpp">
      <Filter>Source Files</Filter>
    </ClCompile>
    <ClCompile Include="qtweetgeosearch.cpp">
      <Filter>Source Files</Filter>
    </ClCompile>
    <ClCompile Include="qtweetgeosimilarplaces.cpp">
      <Filter>Source Files</Filter>
    </ClCompile>
    <ClCompile Include="qtweethometimeline.cpp">
      <Filter>Source Files</Filter>
    </ClCompile>
    <ClCompile Include="qtweetlist.cpp">
      <Filter>Source Files</Filter>
    </ClCompile>
    <ClCompile Include="qtweetlistaddmember.cpp">
      <Filter>Source Files</Filter>
    </ClCompile>
    <ClCompile Include="qtweetlistcreate.cpp">
      <Filter>Source Files</Filter>
    </ClCompile>
    <ClCompile Include="qtweetlistdeletemember.cpp">
      <Filter>Source Files</Filter>
    </ClCompile>
    <ClCompile Include="qtweetlistshowlist.cpp">
      <Filter>Source Files</Filter>
    </ClCompile>
    <ClCompile Include="qtweetlistsubscribe.cpp">
      <Filter>Source Files</Filter>
    </ClCompile>
    <ClCompile Include="qtweetlistupdate.cpp">
      <Filter>Source Files</Filter>
    </ClCompile>
    <ClCompile Include="qtweetmentions.cpp">
      <Filter>Source Files</Filter>
    </ClCompile>
    <ClCompile Include="qtweetnetbase.cpp">
      <Filter>Source Files</Filter>
    </ClCompile>
    <ClCompile Include="qtweetplace.cpp">
      <Filter>Source Files</Filter>
    </ClCompile>
    <ClCompile Include="qtweetsearch.cpp">
      <Filter>Source Files</Filter>
    </ClCompile>
    <ClCompile Include="qtweetsearchpageresults.cpp">
      <Filter>Source Files</Filter>
    </ClCompile>
    <ClCompile Include="qtweetsearchresult.cpp">
      <Filter>Source Files</Filter>
    </ClCompile>
    <ClCompile Include="qtweetstatus.cpp">
      <Filter>Source Files</Filter>
    </ClCompile>
    <ClCompile Include="qtweetstatusdestroy.cpp">
      <Filter>Source Files</Filter>
    </ClCompile>
    <ClCompile Include="qtweetstatusretweet.cpp">
      <Filter>Source Files</Filter>
    </ClCompile>
    <ClCompile Include="qtweetstatusretweetbyid.cpp">
      <Filter>Source Files</Filter>
    </ClCompile>
    <ClCompile Include="qtweetstatusretweetedby.cpp">
      <Filter>Source Files</Filter>
    </ClCompile>
    <ClCompile Include="qtweetstatusretweets.cpp">
      <Filter>Source Files</Filter>
    </ClCompile>
    <ClCompile Include="qtweetstatusshow.cpp">
      <Filter>Source Files</Filter>
    </ClCompile>
    <ClCompile Include="qtweetstatusupdate.cpp">
      <Filter>Source Files</Filter>
    </ClCompile>
    <ClCompile Include="qtweetstatusupdatewithmedia.cpp">
      <Filter>Source Files</Filter>
    </ClCompile>
    <ClCompile Include="qtweetuser.cpp">
      <Filter>Source Files</Filter>
    </ClCompile>
    <ClCompile Include="qtweetuserlookup.cpp">
      <Filter>Source Files</Filter>
    </ClCompile>
    <ClCompile Include="qtweetusersearch.cpp">
      <Filter>Source Files</Filter>
    </ClCompile>
    <ClCompile Include="qtweetusershow.cpp">
      <Filter>Source Files</Filter>
    </ClCompile>
    <ClCompile Include="qtweetuserstatusesfollowers.cpp">
      <Filter>Source Files</Filter>
    </ClCompile>
    <ClCompile Include="qtweetuserstream.cpp">
      <Filter>Source Files</Filter>
    </ClCompile>
    <ClCompile Include="qtweetusertimeline.cpp">
      <Filter>Source Files</Filter>
    </ClCompile>
    <ClCompile Include="Release\moc_oauth.cpp">
      <Filter>Generated Files\Release</Filter>
    </ClCompile>
    <ClCompile Include="Debug\moc_oauth.cpp">
      <Filter>Generated Files\Debug</Filter>
    </ClCompile>
    <ClCompile Include="Release\moc_oauthtwitter.cpp">
      <Filter>Generated Files\Release</Filter>
    </ClCompile>
    <ClCompile Include="Debug\moc_oauthtwitter.cpp">
      <Filter>Generated Files\Debug</Filter>
    </ClCompile>
    <ClCompile Include="Release\moc_qtweetaccountratelimitstatus.cpp">
      <Filter>Generated Files\Release</Filter>
    </ClCompile>
    <ClCompile Include="Debug\moc_qtweetaccountratelimitstatus.cpp">
      <Filter>Generated Files\Debug</Filter>
    </ClCompile>
    <ClCompile Include="Release\moc_qtweetaccountverifycredentials.cpp">
      <Filter>Generated Files\Release</Filter>
    </ClCompile>
    <ClCompile Include="Debug\moc_qtweetaccountverifycredentials.cpp">
      <Filter>Generated Files\Debug</Filter>
    </ClCompile>
    <ClCompile Include="Release\moc_qtweetblocksblocking.cpp">
      <Filter>Generated Files\Release</Filter>
    </ClCompile>
    <ClCompile Include="Debug\moc_qtweetblocksblocking.cpp">
      <Filter>Generated Files\Debug</Filter>
    </ClCompile>
    <ClCompile Include="Release\moc_qtweetblocksblockingids.cpp">
      <Filter>Generated Files\Release</Filter>
    </ClCompile>
    <ClCompile Include="Debug\moc_qtweetblocksblockingids.cpp">
      <Filter>Generated Files\Debug</Filter>
    </ClCompile>
    <ClCompile Include="Release\moc_qtweetblockscreate.cpp">
      <Filter>Generated Files\Release</Filter>
    </ClCompile>
    <ClCompile Include="Debug\moc_qtweetblockscreate.cpp">
      <Filter>Generated Files\Debug</Filter>
    </ClCompile>
    <ClCompile Include="Release\moc_qtweetblocksdestroy.cpp">
      <Filter>Generated Files\Release</Filter>
    </ClCompile>
    <ClCompile Include="Debug\moc_qtweetblocksdestroy.cpp">
      <Filter>Generated Files\Debug</Filter>
    </ClCompile>
    <ClCompile Include="Release\moc_qtweetblocksexists.cpp">
      <Filter>Generated Files\Release</Filter>
    </ClCompile>
    <ClCompile Include="Debug\moc_qtweetblocksexists.cpp">
      <Filter>Generated Files\Debug</Filter>
    </ClCompile>
    <ClCompile Include="Release\moc_qtweetconfiguration.cpp">
      <Filter>Generated Files\Release</Filter>
    </ClCompile>
    <ClCompile Include="Debug\moc_qtweetconfiguration.cpp">
      <Filter>Generated Files\Debug</Filter>
    </ClCompile>
    <ClCompile Include="Release\moc_qtweetdirectmessagedestroy.cpp">
      <Filter>Generated Files\Release</Filter>
    </ClCompile>
    <ClCompile Include="Debug\moc_qtweetdirectmessagedestroy.cpp">
      <Filter>Generated Files\Debug</Filter>
    </ClCompile>
    <ClCompile Include="Release\moc_qtweetdirectmessagenew.cpp">
      <Filter>Generated Files\Release</Filter>
    </ClCompile>
    <ClCompile Include="Debug\moc_qtweetdirectmessagenew.cpp">
      <Filter>Generated Files\Debug</Filter>
    </ClCompile>
    <ClCompile Include="Release\moc_qtweetdirectmessages.cpp">
      <Filter>Generated Files\Release</Filter>
    </ClCompile>
    <ClCompile Include="Debug\moc_qtweetdirectmessages.cpp">
      <Filter>Generated Files\Debug</Filter>
    </ClCompile>
    <ClCompile Include="Release\moc_qtweetdirectmessagessent.cpp">
      <Filter>Generated Files\Release</Filter>
    </ClCompile>
    <ClCompile Include="Debug\moc_qtweetdirectmessagessent.cpp">
      <Filter>Generated Files\Debug</Filter>
    </ClCompile>
    <ClCompile Include="Release\moc_qtweetdirectmessagesshow.cpp">
      <Filter>Generated Files\Release</Filter>
    </ClCompile>
    <ClCompile Include="Debug\moc_qtweetdirectmessagesshow.cpp">
      <Filter>Generated Files\Debug</Filter>
    </ClCompile>
    <ClCompile Include="Release\moc_qtweetfavorites.cpp">
      <Filter>Generated Files\Release</Filter>
    </ClCompile>
    <ClCompile Include="Debug\moc_qtweetfavorites.cpp">
      <Filter>Generated Files\Debug</Filter>
    </ClCompile>
    <ClCompile Include="Release\moc_qtweetfavoritescreate.cpp">
      <Filter>Generated Files\Release</Filter>
    </ClCompile>
    <ClCompile Include="Debug\moc_qtweetfavoritescreate.cpp">
      <Filter>Generated Files\Debug</Filter>
    </ClCompile>
    <ClCompile Include="Release\moc_qtweetfavoritesdestroy.cpp">
      <Filter>Generated Files\Release</Filter>
    </ClCompile>
    <ClCompile Include="Debug\moc_qtweetfavoritesdestroy.cpp">
      <Filter>Generated Files\Debug</Filter>
    </ClCompile>
    <ClCompile Include="Release\moc_qtweetfollowersid.cpp">
      <Filter>Generated Files\Release</Filter>
    </ClCompile>
    <ClCompile Include="Debug\moc_qtweetfollowersid.cpp">
      <Filter>Generated Files\Debug</Filter>
    </ClCompile>
    <ClCompile Include="Release\moc_qtweetfriendshipcreate.cpp">
      <Filter>Generated Files\Release</Filter>
    </ClCompile>
    <ClCompile Include="Debug\moc_qtweetfriendshipcreate.cpp">
      <Filter>Generated Files\Debug</Filter>
    </ClCompile>
    <ClCompile Include="Release\moc_qtweetfriendshipdestroy.cpp">
      <Filter>Generated Files\Release</Filter>
    </ClCompile>
    <ClCompile Include="Debug\moc_qtweetfriendshipdestroy.cpp">
      <Filter>Generated Files\Debug</Filter>
    </ClCompile>
    <ClCompile Include="Release\moc_qtweetfriendsid.cpp">
      <Filter>Generated Files\Release</Filter>
    </ClCompile>
    <ClCompile Include="Debug\moc_qtweetfriendsid.cpp">
      <Filter>Generated Files\Debug</Filter>
    </ClCompile>
    <ClCompile Include="Release\moc_qtweetgeoplacecreate.cpp">
      <Filter>Generated Files\Release</Filter>
    </ClCompile>
    <ClCompile Include="Debug\moc_qtweetgeoplacecreate.cpp">
      <Filter>Generated Files\Debug</Filter>
    </ClCompile>
    <ClCompile Include="Release\moc_qtweetgeoplaceid.cpp">
      <Filter>Generated Files\Release</Filter>
    </ClCompile>
    <ClCompile Include="Debug\moc_qtweetgeoplaceid.cpp">
      <Filter>Generated Files\Debug</Filter>
    </ClCompile>
    <ClCompile Include="Release\moc_qtweetgeoreversegeocode.cpp">
      <Filter>Generated Files\Release</Filter>
    </ClCompile>
    <ClCompile Include="Debug\moc_qtweetgeoreversegeocode.cpp">
      <Filter>Generated Files\Debug</Filter>
    </ClCompile>
    <ClCompile Include="Release\moc_qtweetgeosearch.cpp">
      <Filter>Generated Files\Release</Filter>
    </ClCompile>
    <ClCompile Include="Debug\moc_qtweetgeosearch.cpp">
      <Filter>Generated Files\Debug</Filter>
    </ClCompile>
    <ClCompile Include="Release\moc_qtweetgeosimilarplaces.cpp">
      <Filter>Generated Files\Release</Filter>
    </ClCompile>
    <ClCompile Include="Debug\moc_qtweetgeosimilarplaces.cpp">
      <Filter>Generated Files\Debug</Filter>
    </ClCompile>
    <ClCompile Include="Release\moc_qtweethometimeline.cpp">
      <Filter>Generated Files\Release</Filter>
    </ClCompile>
    <ClCompile Include="Debug\moc_qtweethometimeline.cpp">
      <Filter>Generated Files\Debug</Filter>
    </ClCompile>
    <ClCompile Include="Release\moc_qtweetlistaddmember.cpp">
      <Filter>Generated Files\Release</Filter>
    </ClCompile>
    <ClCompile Include="Debug\moc_qtweetlistaddmember.cpp">
      <Filter>Generated Files\Debug</Filter>
    </ClCompile>
    <ClCompile Include="Release\moc_qtweetlistcreate.cpp">
      <Filter>Generated Files\Release</Filter>
    </ClCompile>
    <ClCompile Include="Debug\moc_qtweetlistcreate.cpp">
      <Filter>Generated Files\Debug</Filter>
    </ClCompile>
    <ClCompile Include="Release\moc_qtweetlistdeletemember.cpp">
      <Filter>Generated Files\Release</Filter>
    </ClCompile>
    <ClCompile Include="Debug\moc_qtweetlistdeletemember.cpp">
      <Filter>Generated Files\Debug</Filter>
    </ClCompile>
    <ClCompile Include="Release\moc_qtweetlistshowlist.cpp">
      <Filter>Generated Files\Release</Filter>
    </ClCompile>
    <ClCompile Include="Debug\moc_qtweetlistshowlist.cpp">
      <Filter>Generated Files\Debug</Filter>
    </ClCompile>
    <ClCompile Include="Release\moc_qtweetlistsubscribe.cpp">
      <Filter>Generated Files\Release</Filter>
    </ClCompile>
    <ClCompile Include="Debug\moc_qtweetlistsubscribe.cpp">
      <Filter>Generated Files\Debug</Filter>
    </ClCompile>
    <ClCompile Include="Release\moc_qtweetlistupdate.cpp">
      <Filter>Generated Files\Release</Filter>
    </ClCompile>
    <ClCompile Include="Debug\moc_qtweetlistupdate.cpp">
      <Filter>Generated Files\Debug</Filter>
    </ClCompile>
    <ClCompile Include="Release\moc_qtweetmentions.cpp">
      <Filter>Generated Files\Release</Filter>
    </ClCompile>
    <ClCompile Include="Debug\moc_qtweetmentions.cpp">
      <Filter>Generated Files\Debug</Filter>
    </ClCompile>
    <ClCompile Include="Release\moc_qtweetnetbase.cpp">
      <Filter>Generated Files\Release</Filter>
    </ClCompile>
    <ClCompile Include="Debug\moc_qtweetnetbase.cpp">
      <Filter>Generated Files\Debug</Filter>
    </ClCompile>
    <ClCompile Include="Release\moc_qtweetsearch.cpp">
      <Filter>Generated Files\Release</Filter>
    </ClCompile>
    <ClCompile Include="Debug\moc_qtweetsearch.cpp">
      <Filter>Generated Files\Debug</Filter>
    </ClCompile>
    <ClCompile Include="Release\moc_qtweetstatusdestroy.cpp">
      <Filter>Generated Files\Release</Filter>
    </ClCompile>
    <ClCompile Include="Debug\moc_qtweetstatusdestroy.cpp">
      <Filter>Generated Files\Debug</Filter>
    </ClCompile>
    <ClCompile Include="Release\moc_qtweetstatusretweet.cpp">
      <Filter>Generated Files\Release</Filter>
    </ClCompile>
    <ClCompile Include="Debug\moc_qtweetstatusretweet.cpp">
      <Filter>Generated Files\Debug</Filter>
    </ClCompile>
    <ClCompile Include="Release\moc_qtweetstatusretweetbyid.cpp">
      <Filter>Generated Files\Release</Filter>
    </ClCompile>
    <ClCompile Include="Debug\moc_qtweetstatusretweetbyid.cpp">
      <Filter>Generated Files\Debug</Filter>
    </ClCompile>
    <ClCompile Include="Release\moc_qtweetstatusretweetedby.cpp">
      <Filter>Generated Files\Release</Filter>
    </ClCompile>
    <ClCompile Include="Debug\moc_qtweetstatusretweetedby.cpp">
      <Filter>Generated Files\Debug</Filter>
    </ClCompile>
    <ClCompile Include="Release\moc_qtweetstatusretweets.cpp">
      <Filter>Generated Files\Release</Filter>
    </ClCompile>
    <ClCompile Include="Debug\moc_qtweetstatusretweets.cpp">
      <Filter>Generated Files\Debug</Filter>
    </ClCompile>
    <ClCompile Include="Release\moc_qtweetstatusshow.cpp">
      <Filter>Generated Files\Release</Filter>
    </ClCompile>
    <ClCompile Include="Debug\moc_qtweetstatusshow.cpp">
      <Filter>Generated Files\Debug</Filter>
    </ClCompile>
    <ClCompile Include="Release\moc_qtweetstatusupdate.cpp">
      <Filter>Generated Files\Release</Filter>
    </ClCompile>
    <ClCompile Include="Debug\moc_qtweetstatusupdate.cpp">
      <Filter>Generated Files\Debug</Filter>
    </ClCompile>
    <ClCompile Include="Release\moc_qtweetstatusupdatewithmedia.cpp">
      <Filter>Generated Files\Release</Filter>
    </ClCompile>
    <ClCompile Include="Debug\moc_qtweetstatusupdatewithmedia.cpp">
      <Filter>Generated Files\Debug</Filter>
    </ClCompile>
    <ClCompile Include="Release\moc_qtweetuserlookup.cpp">
      <Filter>Generated Files\Release</Filter>
    </ClCompile>
    <ClCompile Include="Debug\moc_qtweetuserlookup.cpp">
      <Filter>Generated Files\Debug</Filter>
    </ClCompile>
    <ClCompile Include="Release\moc_qtweetusersearch.cpp">
      <Filter>Generated Files\Release</Filter>
    </ClCompile>
    <ClCompile Include="Debug\moc_qtweetusersearch.cpp">
      <Filter>Generated Files\Debug</Filter>
    </ClCompile>
    <ClCompile Include="Release\moc_qtweetusershow.cpp">
      <Filter>Generated Files\Release</Filter>
    </ClCompile>
    <ClCompile Include="Debug\moc_qtweetusershow.cpp">
      <Filter>Generated Files\Debug</Filter>
    </ClCompile>
    <ClCompile Include="Release\moc_qtweetuserstatusesfollowers.cpp">
      <Filter>Generated Files\Release</Filter>
    </ClCompile>
    <ClCompile Include="Debug\moc_qtweetuserstatusesfollowers.cpp">
      <Filter>Generated Files\Debug</Filter>
    </ClCompile>
    <ClCompile Include="Release\moc_qtweetuserstream.cpp">
      <Filter>Generated Files\Release</Filter>
    </ClCompile>
    <ClCompile Include="Debug\moc_qtweetuserstream.cpp">
      <Filter>Generated Files\Debug</Filter>
    </ClCompile>
    <ClCompile Include="Release\moc_qtweetusertimeline.cpp">
      <Filter>Generated Files\Release</Filter>
    </ClCompile>
    <ClCompile Include="Debug\moc_qtweetusertimeline.cpp">
      <Filter>Generated Files\Debug</Filter>
    </ClCompile>
  </ItemGroup>
  <ItemGroup>
    <CustomBuild Include="oauth.h">
      <Filter>Header Files</Filter>
    </CustomBuild>
    <CustomBuild Include="oauthtwitter.h">
      <Filter>Header Files</Filter>
    </CustomBuild>
    <ClInclude Include="json\qjson_p.h">
      <Filter>Header Files</Filter>
    </ClInclude>
    <ClInclude Include="json\qjsonarray.h">
      <Filter>Header Files</Filter>
    </ClInclude>
    <ClInclude Include="json\qjsondocument.h">
      <Filter>Header Files</Filter>
    </ClInclude>
    <ClInclude Include="json\qjsonexport.h">
      <Filter>Header Files</Filter>
    </ClInclude>
    <ClInclude Include="json\qjsonobject.h">
      <Filter>Header Files</Filter>
    </ClInclude>
    <ClInclude Include="json\qjsonparser_p.h">
      <Filter>Header Files</Filter>
    </ClInclude>
    <ClInclude Include="json\qjsonvalue.h">
      <Filter>Header Files</Filter>
    </ClInclude>
    <ClInclude Include="json\qjsonwriter_p.h">
      <Filter>Header Files</Filter>
    </ClInclude>
    <CustomBuild Include="qtweetaccountratelimitstatus.h">
      <Filter>Header Files</Filter>
    </CustomBuild>
    <CustomBuild Include="qtweetaccountverifycredentials.h">
      <Filter>Header Files</Filter>
    </CustomBuild>
    <CustomBuild Include="qtweetblocksblocking.h">
      <Filter>Header Files</Filter>
    </CustomBuild>
    <CustomBuild Include="qtweetblocksblockingids.h">
      <Filter>Header Files</Filter>
    </CustomBuild>
    <CustomBuild Include="qtweetblockscreate.h">
      <Filter>Header Files</Filter>
    </CustomBuild>
    <CustomBuild Include="qtweetblocksdestroy.h">
      <Filter>Header Files</Filter>
    </CustomBuild>
    <CustomBuild Include="qtweetblocksexists.h">
      <Filter>Header Files</Filter>
    </CustomBuild>
    <CustomBuild Include="qtweetconfiguration.h">
      <Filter>Header Files</Filter>
    </CustomBuild>
    <ClInclude Include="qtweetconvert.h">
      <Filter>Header Files</Filter>
    </ClInclude>
    <CustomBuild Include="qtweetdirectmessagedestroy.h">
      <Filter>Header Files</Filter>
    </CustomBuild>
    <CustomBuild Include="qtweetdirectmessagenew.h">
      <Filter>Header Files</Filter>
    </CustomBuild>
    <CustomBuild Include="qtweetdirectmessages.h">
      <Filter>Header Files</Filter>
    </CustomBuild>
    <CustomBuild Include="qtweetdirectmessagessent.h">
      <Filter>Header Files</Filter>
    </CustomBuild>
    <CustomBuild Include="qtweetdirectmessagesshow.h">
      <Filter>Header Files</Filter>
    </CustomBuild>
    <ClInclude Include="qtweetdmstatus.h">
      <Filter>Header Files</Filter>
    </ClInclude>
    <ClInclude Include="qtweetentityhashtag.h">
      <Filter>Header Files</Filter>
    </ClInclude>
    <ClInclude Include="qtweetentitymedia.h">
      <Filter>Header Files</Filter>
    </ClInclude>
    <ClInclude Include="qtweetentityurl.h">
      <Filter>Header Files</Filter>
    </ClInclude>
    <ClInclude Include="qtweetentityusermentions.h">
      <Filter>Header Files</Filter>
    </ClInclude>
    <CustomBuild Include="qtweetfavorites.h">
      <Filter>Header Files</Filter>
    </CustomBuild>
    <CustomBuild Include="qtweetfavoritescreate.h">
      <Filter>Header Files</Filter>
    </CustomBuild>
    <CustomBuild Include="qtweetfavoritesdestroy.h">
      <Filter>Header Files</Filter>
    </CustomBuild>
    <CustomBuild Include="qtweetfollowersid.h">
      <Filter>Header Files</Filter>
    </CustomBuild>
    <CustomBuild Include="qtweetfriendshipcreate.h">
      <Filter>Header Files</Filter>
    </CustomBuild>
    <CustomBuild Include="qtweetfriendshipdestroy.h">
      <Filter>Header Files</Filter>
    </CustomBuild>
    <CustomBuild Include="qtweetfriendsid.h">
      <Filter>Header Files</Filter>
    </CustomBuild>
    <ClInclude Include="qtweetgeoboundingbox.h">
      <Filter>Header Files</Filter>
    </ClInclude>
    <ClInclude Include="qtweetgeocoord.h">
      <Filter>Header Files</Filter>
    </ClInclude>
    <CustomBuild Include="qtweetgeoplacecreate.h">
      <Filter>Header Files</Filter>
    </CustomBuild>
    <CustomBuild Include="qtweetgeoplaceid.h">
      <Filter>Header Files</Filter>
    </CustomBuild>
    <CustomBuild Include="qtweetgeoreversegeocode.h">
      <Filter>Header Files</Filter>
    </CustomBuild>
    <CustomBuild Include="qtweetgeosearch.h">
      <Filter>Header Files</Filter>
    </CustomBuild>
    <CustomBuild Include="qtweetgeosimilarplaces.h">
      <Filter>Header Files</Filter>
    </CustomBuild>
    <CustomBuild Include="qtweethometimeline.h">
      <Filter>Header Files</Filter>
    </CustomBuild>
    <ClInclude Include="qtweetlib_global.h">
      <Filter>Header Files</Filter>
    </ClInclude>
    <ClInclude Include="qtweetlist.h">
      <Filter>Header Files</Filter>
    </ClInclude>
    <CustomBuild Include="qtweetlistaddmember.h">
      <Filter>Header Files</Filter>
    </CustomBuild>
    <CustomBuild Include="qtweetlistcreate.h">
      <Filter>Header Files</Filter>
    </CustomBuild>
    <CustomBuild Include="qtweetlistdeletemember.h">
      <Filter>Header Files</Filter>
    </CustomBuild>
    <CustomBuild Include="qtweetlistshowlist.h">
      <Filter>Header Files</Filter>
    </CustomBuild>
    <CustomBuild Include="qtweetlistsubscribe.h">
      <Filter>Header Files</Filter>
    </CustomBuild>
    <CustomBuild Include="qtweetlistupdate.h">
      <Filter>Header Files</Filter>
    </CustomBuild>
    <CustomBuild Include="qtweetmentions.h">
      <Filter>Header Files</Filter>
    </CustomBuild>
    <CustomBuild Include="qtweetnetbase.h">
      <Filter>Header Files</Filter>
    </CustomBuild>
    <ClInclude Include="qtweetplace.h">
      <Filter>Header Files</Filter>
    </ClInclude>
    <CustomBuild Include="qtweetsearch.h">
      <Filter>Header Files</Filter>
    </CustomBuild>
    <ClInclude Include="qtweetsearchpageresults.h">
      <Filter>Header Files</Filter>
    </ClInclude>
    <ClInclude Include="qtweetsearchresult.h">
      <Filter>Header Files</Filter>
    </ClInclude>
    <ClInclude Include="qtweetstatus.h">
      <Filter>Header Files</Filter>
    </ClInclude>
    <CustomBuild Include="qtweetstatusdestroy.h">
      <Filter>Header Files</Filter>
    </CustomBuild>
    <CustomBuild Include="qtweetstatusretweet.h">
      <Filter>Header Files</Filter>
    </CustomBuild>
    <CustomBuild Include="qtweetstatusretweetbyid.h">
      <Filter>Header Files</Filter>
    </CustomBuild>
    <CustomBuild Include="qtweetstatusretweetedby.h">
      <Filter>Header Files</Filter>
    </CustomBuild>
    <CustomBuild Include="qtweetstatusretweets.h">
      <Filter>Header Files</Filter>
    </CustomBuild>
    <CustomBuild Include="qtweetstatusshow.h">
      <Filter>Header Files</Filter>
    </CustomBuild>
    <CustomBuild Include="qtweetstatusupdate.h">
      <Filter>Header Files</Filter>
    </CustomBuild>
    <CustomBuild Include="qtweetstatusupdatewithmedia.h">
      <Filter>Header Files</Filter>
    </CustomBuild>
    <ClInclude Include="qtweetuser.h">
      <Filter>Header Files</Filter>
    </ClInclude>
    <CustomBuild Include="qtweetuserlookup.h">
      <Filter>Header Files</Filter>
    </CustomBuild>
    <CustomBuild Include="qtweetusersearch.h">
      <Filter>Header Files</Filter>
    </CustomBuild>
    <CustomBuild Include="qtweetusershow.h">
      <Filter>Header Files</Filter>
    </CustomBuild>
    <CustomBuild Include="qtweetuserstatusesfollowers.h">
      <Filter>Header Files</Filter>
    </CustomBuild>
    <CustomBuild Include="qtweetuserstream.h">
      <Filter>Header Files</Filter>
    </CustomBuild>
    <CustomBuild Include="qtweetusertimeline.h">
      <Filter>Header Files</Filter>
    </CustomBuild>
  </ItemGroup>
</Project>