<?xml version="1.0" encoding="utf-8"?>
<Project ToolsVersion="4.0" xmlns="http://schemas.microsoft.com/developer/msbuild/2003">
  <ItemGroup>
    <Filter Include="Generated Files">
      <UniqueIdentifier>{71ED8ED8-ACB9-4CE9-BBE1-E00B30144E11}</UniqueIdentifier>
      <Extensions>cpp;c;cxx;moc;h;def;odl;idl;res;</Extensions>
    </Filter>
    <Filter Include="Generated Files">
      <UniqueIdentifier>{71ED8ED8-ACB9-4CE9-BBE1-E00B30144E11}</UniqueIdentifier>
      <Extensions>cpp;c;cxx;moc;h;def;odl;idl;res;</Extensions>
    </Filter>
    <Filter Include="Header Files">
      <UniqueIdentifier>{93995380-89BD-4b04-88EB-625FBE52EBFB}</UniqueIdentifier>
      <Extensions>h;hpp;hxx;hm;inl;inc;xsd</Extensions>
    </Filter>
    <Filter Include="Header Files">
      <UniqueIdentifier>{93995380-89BD-4b04-88EB-625FBE52EBFB}</UniqueIdentifier>
      <Extensions>h;hpp;hxx;hm;inl;inc;xsd</Extensions>
    </Filter>
    <Filter Include="Source Files">
      <UniqueIdentifier>{4FC737F1-C7A5-4376-A066-2A32D752A2FF}</UniqueIdentifier>
      <Extensions>cpp;c;cxx;def;odl;idl;hpj;bat;asm;asmx</Extensions>
    </Filter>
    <Filter Include="Source Files">
      <UniqueIdentifier>{4FC737F1-C7A5-4376-A066-2A32D752A2FF}</UniqueIdentifier>
      <Extensions>cpp;c;cxx;def;odl;idl;hpj;bat;asm;asmx</Extensions>
    </Filter>
    <Filter Include="Generated Files\Release">
      <UniqueIdentifier>{89e0dcb3-5ae8-42d8-9522-3b42184da75a}</UniqueIdentifier>
      <Extensions>cpp;moc</Extensions>
      <SourceControlFiles>False</SourceControlFiles>
    </Filter>
    <Filter Include="Generated Files\Debug">
      <UniqueIdentifier>{b033cfed-1657-400d-b876-309e8512b36f}</UniqueIdentifier>
      <Extensions>cpp;moc</Extensions>
      <SourceControlFiles>False</SourceControlFiles>
    </Filter>
  </ItemGroup>
  <ItemGroup>
    <ClCompile Include="oauth.cpp">
      <Filter>Source Files</Filter>
    </ClCompile>
    <ClCompile Include="oauthtwitter.cpp">
      <Filter>Source Files</Filter>
    </ClCompile>
    <ClCompile Include="qtweetaccountratelimitstatus.cpp">
      <Filter>Source Files</Filter>
    </ClCompile>
    <ClCompile Include="qtweetaccountverifycredentials.cpp">
      <Filter>Source Files</Filter>
    </ClCompile>
    <ClCompile Include="qtweetconfiguration.cpp">
      <Filter>Source Files</Filter>
    </ClCompile>
    <ClCompile Include="qtweetconvert.cpp">
      <Filter>Source Files</Filter>
    </ClCompile>
    <ClCompile Include="qtweetentityhashtag.cpp">
      <Filter>Source Files</Filter>
    </ClCompile>
    <ClCompile Include="qtweetentitymedia.cpp">
      <Filter>Source Files</Filter>
    </ClCompile>
    <ClCompile Include="qtweetentityurl.cpp">
      <Filter>Source Files</Filter>
    </ClCompile>
    <ClCompile Include="qtweetentityusermentions.cpp">
      <Filter>Source Files</Filter>
    </ClCompile>
    <ClCompile Include="qtweetgeoboundingbox.cpp">
      <Filter>Source Files</Filter>
    </ClCompile>
    <ClCompile Include="qtweetgeocoord.cpp">
      <Filter>Source Files</Filter>
    </ClCompile>
    <ClCompile Include="qtweetgeosearch.cpp">
      <Filter>Source Files</Filter>
    </ClCompile>
    <ClCompile Include="qtweetnetbase.cpp">
      <Filter>Source Files</Filter>
    </ClCompile>
    <ClCompile Include="qtweetplace.cpp">
      <Filter>Source Files</Filter>
    </ClCompile>
    <ClCompile Include="qtweetstatus.cpp">
      <Filter>Source Files</Filter>
    </ClCompile>
    <ClCompile Include="qtweetstatusupdate.cpp">
      <Filter>Source Files</Filter>
    </ClCompile>
    <ClCompile Include="qtweetstatusupdatewithmedia.cpp">
      <Filter>Source Files</Filter>
    </ClCompile>
    <ClCompile Include="qtweetuser.cpp">
      <Filter>Source Files</Filter>
    </ClCompile>
    <ClCompile Include="Release\moc_oauth.cpp">
      <Filter>Generated Files\Release</Filter>
    </ClCompile>
    <ClCompile Include="Debug\moc_oauth.cpp">
      <Filter>Generated Files\Debug</Filter>
    </ClCompile>
    <ClCompile Include="Release\moc_oauthtwitter.cpp">
      <Filter>Generated Files\Release</Filter>
    </ClCompile>
    <ClCompile Include="Debug\moc_oauthtwitter.cpp">
      <Filter>Generated Files\Debug</Filter>
    </ClCompile>
    <ClCompile Include="Release\moc_qtweetaccountratelimitstatus.cpp">
      <Filter>Generated Files\Release</Filter>
    </ClCompile>
    <ClCompile Include="Debug\moc_qtweetaccountratelimitstatus.cpp">
      <Filter>Generated Files\Debug</Filter>
    </ClCompile>
    <ClCompile Include="Release\moc_qtweetaccountverifycredentials.cpp">
      <Filter>Generated Files\Release</Filter>
    </ClCompile>
    <ClCompile Include="Debug\moc_qtweetaccountverifycredentials.cpp">
      <Filter>Generated Files\Debug</Filter>
    </ClCompile>
    <ClCompile Include="Release\moc_qtweetconfiguration.cpp">
      <Filter>Generated Files\Release</Filter>
    </ClCompile>
    <ClCompile Include="Debug\moc_qtweetconfiguration.cpp">
      <Filter>Generated Files\Debug</Filter>
    </ClCompile>
    <ClCompile Include="Release\moc_qtweetgeosearch.cpp">
      <Filter>Generated Files\Release</Filter>
    </ClCompile>
    <ClCompile Include="Debug\moc_qtweetgeosearch.cpp">
      <Filter>Generated Files\Debug</Filter>
    </ClCompile>
    <ClCompile Include="Release\moc_qtweetnetbase.cpp">
      <Filter>Generated Files\Release</Filter>
    </ClCompile>
    <ClCompile Include="Debug\moc_qtweetnetbase.cpp">
      <Filter>Generated Files\Debug</Filter>
    </ClCompile>
    <ClCompile Include="Release\moc_qtweetstatusupdate.cpp">
      <Filter>Generated Files\Release</Filter>
    </ClCompile>
    <ClCompile Include="Debug\moc_qtweetstatusupdate.cpp">
      <Filter>Generated Files\Debug</Filter>
    </ClCompile>
    <ClCompile Include="Release\moc_qtweetstatusupdatewithmedia.cpp">
      <Filter>Generated Files\Release</Filter>
    </ClCompile>
    <ClCompile Include="Debug\moc_qtweetstatusupdatewithmedia.cpp">
      <Filter>Generated Files\Debug</Filter>
    </ClCompile>
  </ItemGroup>
  <ItemGroup>
    <CustomBuild Include="oauth.h">
      <Filter>Header Files</Filter>
    </CustomBuild>
    <CustomBuild Include="oauthtwitter.h">
      <Filter>Header Files</Filter>
    </CustomBuild>
    <CustomBuild Include="qtweetaccountratelimitstatus.h">
      <Filter>Header Files</Filter>
    </CustomBuild>
    <CustomBuild Include="qtweetaccountverifycredentials.h">
      <Filter>Header Files</Filter>
    </CustomBuild>
    <CustomBuild Include="qtweetconfiguration.h">
      <Filter>Header Files</Filter>
    </CustomBuild>
    <ClInclude Include="qtweetconvert.h">
      <Filter>Header Files</Filter>
    </ClInclude>
    <ClInclude Include="qtweetentityhashtag.h">
      <Filter>Header Files</Filter>
    </ClInclude>
    <ClInclude Include="qtweetentitymedia.h">
      <Filter>Header Files</Filter>
    </ClInclude>
    <ClInclude Include="qtweetentityurl.h">
      <Filter>Header Files</Filter>
    </ClInclude>
    <ClInclude Include="qtweetentityusermentions.h">
      <Filter>Header Files</Filter>
    </ClInclude>
    <ClInclude Include="qtweetgeoboundingbox.h">
      <Filter>Header Files</Filter>
    </ClInclude>
    <ClInclude Include="qtweetgeocoord.h">
      <Filter>Header Files</Filter>
    </ClInclude>
    <CustomBuild Include="qtweetgeosearch.h">
      <Filter>Header Files</Filter>
    </CustomBuild>
    <ClInclude Include="qtweetlib_global.h">
      <Filter>Header Files</Filter>
    </ClInclude>
    <CustomBuild Include="qtweetnetbase.h">
      <Filter>Header Files</Filter>
    </CustomBuild>
    <ClInclude Include="qtweetplace.h">
      <Filter>Header Files</Filter>
    </ClInclude>
    <ClInclude Include="qtweetstatus.h">
      <Filter>Header Files</Filter>
    </ClInclude>
    <CustomBuild Include="qtweetstatusupdate.h">
      <Filter>Header Files</Filter>
    </CustomBuild>
    <CustomBuild Include="qtweetstatusupdatewithmedia.h">
      <Filter>Header Files</Filter>
    </CustomBuild>
    <ClInclude Include="qtweetuser.h">
      <Filter>Header Files</Filter>
    </ClInclude>
  </ItemGroup>
</Project>