<?xml version="1.0" encoding="utf-8"?>
<Project ToolsVersion="4.0" xmlns="http://schemas.microsoft.com/developer/msbuild/2003">
  <ItemGroup>
    <Filter Include="Generated Files">
      <UniqueIdentifier>{71ED8ED8-ACB9-4CE9-BBE1-E00B30144E11}</UniqueIdentifier>
      <Extensions>cpp;c;cxx;moc;h;def;odl;idl;res;</Extensions>
    </Filter>
    <Filter Include="Generated Files">
      <UniqueIdentifier>{71ED8ED8-ACB9-4CE9-BBE1-E00B30144E11}</UniqueIdentifier>
      <Extensions>cpp;c;cxx;moc;h;def;odl;idl;res;</Extensions>
    </Filter>
    <Filter Include="Header Files">
      <UniqueIdentifier>{93995380-89BD-4b04-88EB-625FBE52EBFB}</UniqueIdentifier>
      <Extensions>h;hpp;hxx;hm;inl;inc;xsd</Extensions>
    </Filter>
    <Filter Include="Header Files">
      <UniqueIdentifier>{93995380-89BD-4b04-88EB-625FBE52EBFB}</UniqueIdentifier>
      <Extensions>h;hpp;hxx;hm;inl;inc;xsd</Extensions>
    </Filter>
    <Filter Include="Source Files">
      <UniqueIdentifier>{4FC737F1-C7A5-4376-A066-2A32D752A2FF}</UniqueIdentifier>
      <Extensions>cpp;c;cxx;def;odl;idl;hpj;bat;asm;asmx</Extensions>
    </Filter>
    <Filter Include="Source Files">
      <UniqueIdentifier>{4FC737F1-C7A5-4376-A066-2A32D752A2FF}</UniqueIdentifier>
      <Extensions>cpp;c;cxx;def;odl;idl;hpj;bat;asm;asmx</Extensions>
    </Filter>
    <Filter Include="Generated Files\Release">
      <UniqueIdentifier>{b7ab3f26-bd72-4e75-9603-a2321420ff14}</UniqueIdentifier>
      <Extensions>cpp;moc</Extensions>
      <SourceControlFiles>False</SourceControlFiles>
    </Filter>
    <Filter Include="Generated Files\Debug">
      <UniqueIdentifier>{30783897-ef4c-48ed-82cf-5b411438001c}</UniqueIdentifier>
      <Extensions>cpp;moc</Extensions>
      <SourceControlFiles>False</SourceControlFiles>
    </Filter>
    <Filter Include="Dlls">
      <UniqueIdentifier>{fc9bce1a-0573-44e8-b563-c479a7d8d2ef}</UniqueIdentifier>
    </Filter>
  </ItemGroup>
  <ItemGroup>
    <ClCompile Include="main.cpp">
      <Filter>Source Files</Filter>
    </ClCompile>
    <ClCompile Include="phototweet.cpp">
      <Filter>Source Files</Filter>
    </ClCompile>
    <ClCompile Include="GeneratedFiles\Release\moc_phototweet.cpp">
      <Filter>Generated Files\Release</Filter>
    </ClCompile>
    <ClCompile Include="GeneratedFiles\Debug\moc_phototweet.cpp">
      <Filter>Generated Files\Debug</Filter>
    </ClCompile>
    <ClCompile Include="GeneratedFiles\Release\moc_twitpicUpload.cpp">
      <Filter>Generated Files\Release</Filter>
    </ClCompile>
    <ClCompile Include="GeneratedFiles\Debug\moc_twitpicUpload.cpp">
      <Filter>Generated Files\Debug</Filter>
    </ClCompile>
    <ClCompile Include="twitpicUpload.cpp">
      <Filter>Source Files</Filter>
    </ClCompile>
    <ClCompile Include="twitpicUploadStatus.cpp">
      <Filter>Source Files</Filter>
    </ClCompile>
    <ClCompile Include="GeneratedFiles\Release\moc_twitpicUploadStatus.cpp">
      <Filter>Generated Files\Release</Filter>
    </ClCompile>
    <ClCompile Include="GeneratedFiles\Debug\moc_twitpicUploadStatus.cpp">
      <Filter>Generated Files\Debug</Filter>
    </ClCompile>
    <ClCompile Include="GeneratedFiles\Release\moc_yfrogUpload.cpp">
      <Filter>Generated Files\Release</Filter>
    </ClCompile>
    <ClCompile Include="GeneratedFiles\Debug\moc_yfrogUpload.cpp">
      <Filter>Generated Files\Debug</Filter>
    </ClCompile>
    <ClCompile Include="GeneratedFiles\Release\moc_yfrogUploadStatus.cpp">
      <Filter>Generated Files\Release</Filter>
    </ClCompile>
    <ClCompile Include="GeneratedFiles\Debug\moc_yfrogUploadStatus.cpp">
      <Filter>Generated Files\Debug</Filter>
    </ClCompile>
    <ClCompile Include="yfrogUploadStatus.cpp">
      <Filter>Source Files</Filter>
    </ClCompile>
    <ClCompile Include="yfrogUpload.cpp">
      <Filter>Source Files</Filter>
    </ClCompile>
    <ClCompile Include="Camera.cpp">
      <Filter>Source Files</Filter>
    </ClCompile>
    <ClCompile Include="GeneratedFiles\Release\moc_Camera.cpp">
      <Filter>Generated Files\Release</Filter>
    </ClCompile>
    <ClCompile Include="GeneratedFiles\Debug\moc_Camera.cpp">
      <Filter>Generated Files\Debug</Filter>
    </ClCompile>
    <ClCompile Include="GeneratedFiles\Release\moc_Config.cpp">
      <Filter>Generated Files\Release</Filter>
    </ClCompile>
    <ClCompile Include="GeneratedFiles\Debug\moc_Config.cpp">
      <Filter>Generated Files\Debug</Filter>
    </ClCompile>
    <ClCompile Include="Config.cpp">
      <Filter>Source Files</Filter>
    </ClCompile>
  </ItemGroup>
  <ItemGroup>
    <CustomBuild Include="phototweet.h">
      <Filter>Header Files</Filter>
    </CustomBuild>
    <CustomBuild Include="phototweet.cfg" />
    <CustomBuild Include="twitpicUpload.h">
      <Filter>Header Files</Filter>
    </CustomBuild>
    <CustomBuild Include="twitpicUploadStatus.h">
      <Filter>Header Files</Filter>
    </CustomBuild>
    <CustomBuild Include="yfrogUpload.h">
      <Filter>Header Files</Filter>
    </CustomBuild>
    <CustomBuild Include="yfrogUploadStatus.h">
      <Filter>Header Files</Filter>
    </CustomBuild>
    <CustomBuild Include="Camera.h">
      <Filter>Header Files</Filter>
    </CustomBuild>
    <CustomBuild Include="..\EOS SDK v2.11 Windows\EDSDK\Dll\EDSDK.dll">
      <Filter>Dlls</Filter>
    </CustomBuild>
    <CustomBuild Include="..\bin\libeay32.dll">
      <Filter>Dlls</Filter>
    </CustomBuild>
    <CustomBuild Include="..\bin\ssleay32.dll">
      <Filter>Dlls</Filter>
    </CustomBuild>
    <CustomBuild Include="..\EOS SDK v2.11 Windows\EDSDK\Dll\Ucs32P.dll">
      <Filter>Dlls</Filter>
    </CustomBuild>
    <CustomBuild Include="..\EOS SDK v2.11 Windows\EDSDK\Dll\Mlib.dll">
      <Filter>Dlls</Filter>
    </CustomBuild>
    <CustomBuild Include="..\EOS SDK v2.11 Windows\EDSDK\Dll\EdsImage.dll">
      <Filter>Dlls</Filter>
    </CustomBuild>
    <CustomBuild Include="..\EOS SDK v2.11 Windows\EDSDK\Dll\DPPDLL.dll">
      <Filter>Dlls</Filter>
    </CustomBuild>
    <CustomBuild Include="..\EOS SDK v2.11 Windows\EDSDK\Dll\DPPLibCom.dll">
      <Filter>Dlls</Filter>
    </CustomBuild>
    <CustomBuild Include="..\EOS SDK v2.11 Windows\EDSDK\Dll\DPPRSC.dll">
      <Filter>Dlls</Filter>
    </CustomBuild>
    <CustomBuild Include="Config.h">
      <Filter>Header Files</Filter>
    </CustomBuild>
  </ItemGroup>
</Project>